// !$*UTF8*$!
{
	archiveVersion = 1;
	classes = {
	};
	objectVersion = 56;
	objects = {

/* Begin PBXBuildFile section */
		AD4CAC502965E95E00653E35 /* AppDelegate.swift in Sources */ = {isa = PBXBuildFile; fileRef = AD4CAC4F2965E95E00653E35 /* AppDelegate.swift */; };
		AD4CAC522965E95E00653E35 /* SceneDelegate.swift in Sources */ = {isa = PBXBuildFile; fileRef = AD4CAC512965E95E00653E35 /* SceneDelegate.swift */; };
		AD4CAC542965E95E00653E35 /* ViewController.swift in Sources */ = {isa = PBXBuildFile; fileRef = AD4CAC532965E95E00653E35 /* ViewController.swift */; };
		AD4CAC572965E95E00653E35 /* Main.storyboard in Resources */ = {isa = PBXBuildFile; fileRef = AD4CAC552965E95E00653E35 /* Main.storyboard */; };
		AD4CAC592965E95E00653E35 /* Assets.xcassets in Resources */ = {isa = PBXBuildFile; fileRef = AD4CAC582965E95E00653E35 /* Assets.xcassets */; };
		AD4CAC5C2965E95E00653E35 /* LaunchScreen.storyboard in Resources */ = {isa = PBXBuildFile; fileRef = AD4CAC5A2965E95E00653E35 /* LaunchScreen.storyboard */; };
		AD4CAC6E2965EA8100653E35 /* 9.jpeg in Resources */ = {isa = PBXBuildFile; fileRef = AD4CAC642965EA8000653E35 /* 9.jpeg */; };
		AD4CAC6F2965EA8100653E35 /* 3.jpeg in Resources */ = {isa = PBXBuildFile; fileRef = AD4CAC652965EA8000653E35 /* 3.jpeg */; };
		AD4CAC702965EA8100653E35 /* 2.jpeg in Resources */ = {isa = PBXBuildFile; fileRef = AD4CAC662965EA8000653E35 /* 2.jpeg */; };
		AD4CAC712965EA8100653E35 /* 5.jpg in Resources */ = {isa = PBXBuildFile; fileRef = AD4CAC672965EA8000653E35 /* 5.jpg */; };
		AD4CAC722965EA8100653E35 /* 10.jpeg in Resources */ = {isa = PBXBuildFile; fileRef = AD4CAC682965EA8000653E35 /* 10.jpeg */; };
		AD4CAC732965EA8100653E35 /* 1.jpeg in Resources */ = {isa = PBXBuildFile; fileRef = AD4CAC692965EA8000653E35 /* 1.jpeg */; };
		AD4CAC742965EA8100653E35 /* 4.jpeg in Resources */ = {isa = PBXBuildFile; fileRef = AD4CAC6A2965EA8100653E35 /* 4.jpeg */; };
		AD4CAC752965EA8100653E35 /* 6.jpeg in Resources */ = {isa = PBXBuildFile; fileRef = AD4CAC6B2965EA8100653E35 /* 6.jpeg */; };
		AD4CAC762965EA8100653E35 /* 7.jpeg in Resources */ = {isa = PBXBuildFile; fileRef = AD4CAC6C2965EA8100653E35 /* 7.jpeg */; };
		AD4CAC772965EA8100653E35 /* 8.jpeg in Resources */ = {isa = PBXBuildFile; fileRef = AD4CAC6D2965EA8100653E35 /* 8.jpeg */; };
		AD4CAC792965F17700653E35 /* README.md in Resources */ = {isa = PBXBuildFile; fileRef = AD4CAC782965F17700653E35 /* README.md */; };
/* End PBXBuildFile section */

/* Begin PBXFileReference section */
		AD4CAC4C2965E95E00653E35 /* SwipeGesture.app */ = {isa = PBXFileReference; explicitFileType = wrapper.application; includeInIndex = 0; path = SwipeGesture.app; sourceTree = BUILT_PRODUCTS_DIR; };
		AD4CAC4F2965E95E00653E35 /* AppDelegate.swift */ = {isa = PBXFileReference; lastKnownFileType = sourcecode.swift; path = AppDelegate.swift; sourceTree = "<group>"; };
		AD4CAC512965E95E00653E35 /* SceneDelegate.swift */ = {isa = PBXFileReference; lastKnownFileType = sourcecode.swift; path = SceneDelegate.swift; sourceTree = "<group>"; };
		AD4CAC532965E95E00653E35 /* ViewController.swift */ = {isa = PBXFileReference; lastKnownFileType = sourcecode.swift; path = ViewController.swift; sourceTree = "<group>"; };
		AD4CAC562965E95E00653E35 /* Base */ = {isa = PBXFileReference; lastKnownFileType = file.storyboard; name = Base; path = Base.lproj/Main.storyboard; sourceTree = "<group>"; };
		AD4CAC582965E95E00653E35 /* Assets.xcassets */ = {isa = PBXFileReference; lastKnownFileType = folder.assetcatalog; path = Assets.xcassets; sourceTree = "<group>"; };
		AD4CAC5B2965E95E00653E35 /* Base */ = {isa = PBXFileReference; lastKnownFileType = file.storyboard; name = Base; path = Base.lproj/LaunchScreen.storyboard; sourceTree = "<group>"; };
		AD4CAC5D2965E95E00653E35 /* Info.plist */ = {isa = PBXFileReference; lastKnownFileType = text.plist.xml; path = Info.plist; sourceTree = "<group>"; };
		AD4CAC642965EA8000653E35 /* 9.jpeg */ = {isa = PBXFileReference; lastKnownFileType = image.jpeg; path = 9.jpeg; sourceTree = "<group>"; };
		AD4CAC652965EA8000653E35 /* 3.jpeg */ = {isa = PBXFileReference; lastKnownFileType = image.jpeg; path = 3.jpeg; sourceTree = "<group>"; };
		AD4CAC662965EA8000653E35 /* 2.jpeg */ = {isa = PBXFileReference; lastKnownFileType = image.jpeg; path = 2.jpeg; sourceTree = "<group>"; };
		AD4CAC672965EA8000653E35 /* 5.jpg */ = {isa = PBXFileReference; lastKnownFileType = image.jpeg; path = 5.jpg; sourceTree = "<group>"; };
		AD4CAC682965EA8000653E35 /* 10.jpeg */ = {isa = PBXFileReference; lastKnownFileType = image.jpeg; path = 10.jpeg; sourceTree = "<group>"; };
		AD4CAC692965EA8000653E35 /* 1.jpeg */ = {isa = PBXFileReference; lastKnownFileType = image.jpeg; path = 1.jpeg; sourceTree = "<group>"; };
		AD4CAC6A2965EA8100653E35 /* 4.jpeg */ = {isa = PBXFileReference; lastKnownFileType = image.jpeg; path = 4.jpeg; sourceTree = "<group>"; };
		AD4CAC6B2965EA8100653E35 /* 6.jpeg */ = {isa = PBXFileReference; lastKnownFileType = image.jpeg; path = 6.jpeg; sourceTree = "<group>"; };
		AD4CAC6C2965EA8100653E35 /* 7.jpeg */ = {isa = PBXFileReference; lastKnownFileType = image.jpeg; path = 7.jpeg; sourceTree = "<group>"; };
		AD4CAC6D2965EA8100653E35 /* 8.jpeg */ = {isa = PBXFileReference; lastKnownFileType = image.jpeg; path = 8.jpeg; sourceTree = "<group>"; };
		AD4CAC782965F17700653E35 /* README.md */ = {isa = PBXFileReference; lastKnownFileType = net.daringfireball.markdown; path = README.md; sourceTree = "<group>"; };
/* End PBXFileReference section */

/* Begin PBXFrameworksBuildPhase section */
		AD4CAC492965E95E00653E35 /* Frameworks */ = {
			isa = PBXFrameworksBuildPhase;
			buildActionMask = 2147483647;
			files = (
			);
			runOnlyForDeploymentPostprocessing = 0;
		};
/* End PBXFrameworksBuildPhase section */

/* Begin PBXGroup section */
		AD4CAC432965E95E00653E35 = {
			isa = PBXGroup;
			children = (
				AD4CAC782965F17700653E35 /* README.md */,
				AD4CAC4E2965E95E00653E35 /* SwipeGesture */,
				AD4CAC4D2965E95E00653E35 /* Products */,
			);
			sourceTree = "<group>";
		};
		AD4CAC4D2965E95E00653E35 /* Products */ = {
			isa = PBXGroup;
			children = (
				AD4CAC4C2965E95E00653E35 /* SwipeGesture.app */,
			);
			name = Products;
			sourceTree = "<group>";
		};
		AD4CAC4E2965E95E00653E35 /* SwipeGesture */ = {
			isa = PBXGroup;
			children = (
				AD4CAC632965E9AE00653E35 /* images */,
				AD4CAC4F2965E95E00653E35 /* AppDelegate.swift */,
				AD4CAC512965E95E00653E35 /* SceneDelegate.swift */,
				AD4CAC532965E95E00653E35 /* ViewController.swift */,
				AD4CAC552965E95E00653E35 /* Main.storyboard */,
				AD4CAC582965E95E00653E35 /* Assets.xcassets */,
				AD4CAC5A2965E95E00653E35 /* LaunchScreen.storyboard */,
				AD4CAC5D2965E95E00653E35 /* Info.plist */,
			);
			path = SwipeGesture;
			sourceTree = "<group>";
		};
		AD4CAC632965E9AE00653E35 /* images */ = {
			isa = PBXGroup;
			children = (
				AD4CAC692965EA8000653E35 /* 1.jpeg */,
				AD4CAC662965EA8000653E35 /* 2.jpeg */,
				AD4CAC652965EA8000653E35 /* 3.jpeg */,
				AD4CAC6A2965EA8100653E35 /* 4.jpeg */,
				AD4CAC672965EA8000653E35 /* 5.jpg */,
				AD4CAC6B2965EA8100653E35 /* 6.jpeg */,
				AD4CAC6C2965EA8100653E35 /* 7.jpeg */,
				AD4CAC6D2965EA8100653E35 /* 8.jpeg */,
				AD4CAC642965EA8000653E35 /* 9.jpeg */,
				AD4CAC682965EA8000653E35 /* 10.jpeg */,
			);
			path = images;
			sourceTree = "<group>";
		};
/* End PBXGroup section */

/* Begin PBXNativeTarget section */
		AD4CAC4B2965E95E00653E35 /* SwipeGesture */ = {
			isa = PBXNativeTarget;
			buildConfigurationList = AD4CAC602965E95E00653E35 /* Build configuration list for PBXNativeTarget "SwipeGesture" */;
			buildPhases = (
				AD4CAC482965E95E00653E35 /* Sources */,
				AD4CAC492965E95E00653E35 /* Frameworks */,
				AD4CAC4A2965E95E00653E35 /* Resources */,
			);
			buildRules = (
			);
			dependencies = (
			);
			name = SwipeGesture;
			productName = SwipeGesture;
			productReference = AD4CAC4C2965E95E00653E35 /* SwipeGesture.app */;
			productType = "com.apple.product-type.application";
		};
/* End PBXNativeTarget section */

/* Begin PBXProject section */
		AD4CAC442965E95E00653E35 /* Project object */ = {
			isa = PBXProject;
			attributes = {
				BuildIndependentTargetsInParallel = 1;
				LastSwiftUpdateCheck = 1420;
				LastUpgradeCheck = 1420;
				TargetAttributes = {
					AD4CAC4B2965E95E00653E35 = {
						CreatedOnToolsVersion = 14.2;
					};
				};
			};
			buildConfigurationList = AD4CAC472965E95E00653E35 /* Build configuration list for PBXProject "SwipeGesture" */;
			compatibilityVersion = "Xcode 14.0";
			developmentRegion = en;
			hasScannedForEncodings = 0;
			knownRegions = (
				en,
				Base,
			);
			mainGroup = AD4CAC432965E95E00653E35;
			productRefGroup = AD4CAC4D2965E95E00653E35 /* Products */;
			projectDirPath = "";
			projectRoot = "";
			targets = (
				AD4CAC4B2965E95E00653E35 /* SwipeGesture */,
			);
		};
/* End PBXProject section */

/* Begin PBXResourcesBuildPhase section */
		AD4CAC4A2965E95E00653E35 /* Resources */ = {
			isa = PBXResourcesBuildPhase;
			buildActionMask = 2147483647;
			files = (
				AD4CAC772965EA8100653E35 /* 8.jpeg in Resources */,
				AD4CAC742965EA8100653E35 /* 4.jpeg in Resources */,
				AD4CAC762965EA8100653E35 /* 7.jpeg in Resources */,
				AD4CAC6F2965EA8100653E35 /* 3.jpeg in Resources */,
				AD4CAC5C2965E95E00653E35 /* LaunchScreen.storyboard in Resources */,
				AD4CAC702965EA8100653E35 /* 2.jpeg in Resources */,
				AD4CAC592965E95E00653E35 /* Assets.xcassets in Resources */,
				AD4CAC732965EA8100653E35 /* 1.jpeg in Resources */,
				AD4CAC752965EA8100653E35 /* 6.jpeg in Resources */,
				AD4CAC722965EA8100653E35 /* 10.jpeg in Resources */,
				AD4CAC792965F17700653E35 /* README.md in Resources */,
				AD4CAC712965EA8100653E35 /* 5.jpg in Resources */,
				AD4CAC572965E95E00653E35 /* Main.storyboard in Resources */,
				AD4CAC6E2965EA8100653E35 /* 9.jpeg in Resources */,
			);
			runOnlyForDeploymentPostprocessing = 0;
		};
/* End PBXResourcesBuildPhase section */

/* Begin PBXSourcesBuildPhase section */
		AD4CAC482965E95E00653E35 /* Sources */ = {
			isa = PBXSourcesBuildPhase;
			buildActionMask = 2147483647;
			files = (
				AD4CAC542965E95E00653E35 /* ViewController.swift in Sources */,
				AD4CAC502965E95E00653E35 /* AppDelegate.swift in Sources */,
				AD4CAC522965E95E00653E35 /* SceneDelegate.swift in Sources */,
			);
			runOnlyForDeploymentPostprocessing = 0;
		};
/* End PBXSourcesBuildPhase section */

/* Begin PBXVariantGroup section */
		AD4CAC552965E95E00653E35 /* Main.storyboard */ = {
			isa = PBXVariantGroup;
			children = (
				AD4CAC562965E95E00653E35 /* Base */,
			);
			name = Main.storyboard;
			sourceTree = "<group>";
		};
		AD4CAC5A2965E95E00653E35 /* LaunchScreen.storyboard */ = {
			isa = PBXVariantGroup;
			children = (
				AD4CAC5B2965E95E00653E35 /* Base */,
			);
			name = LaunchScreen.storyboard;
			sourceTree = "<group>";
		};
/* End PBXVariantGroup section */

/* Begin XCBuildConfiguration section */
		AD4CAC5E2965E95E00653E35 /* Debug */ = {
			isa = XCBuildConfiguration;
			buildSettings = {
				ALWAYS_SEARCH_USER_PATHS = NO;
				CLANG_ANALYZER_NONNULL = YES;
				CLANG_ANALYZER_NUMBER_OBJECT_CONVERSION = YES_AGGRESSIVE;
				CLANG_CXX_LANGUAGE_STANDARD = "gnu++20";
				CLANG_ENABLE_MODULES = YES;
				CLANG_ENABLE_OBJC_ARC = YES;
				CLANG_ENABLE_OBJC_WEAK = YES;
				CLANG_WARN_BLOCK_CAPTURE_AUTORELEASING = YES;
				CLANG_WARN_BOOL_CONVERSION = YES;
				CLANG_WARN_COMMA = YES;
				CLANG_WARN_CONSTANT_CONVERSION = YES;
				CLANG_WARN_DEPRECATED_OBJC_IMPLEMENTATIONS = YES;
				CLANG_WARN_DIRECT_OBJC_ISA_USAGE = YES_ERROR;
				CLANG_WARN_DOCUMENTATION_COMMENTS = YES;
				CLANG_WARN_EMPTY_BODY = YES;
				CLANG_WARN_ENUM_CONVERSION = YES;
				CLANG_WARN_INFINITE_RECURSION = YES;
				CLANG_WARN_INT_CONVERSION = YES;
				CLANG_WARN_NON_LITERAL_NULL_CONVERSION = YES;
				CLANG_WARN_OBJC_IMPLICIT_RETAIN_SELF = YES;
				CLANG_WARN_OBJC_LITERAL_CONVERSION = YES;
				CLANG_WARN_OBJC_ROOT_CLASS = YES_ERROR;
				CLANG_WARN_QUOTED_INCLUDE_IN_FRAMEWORK_HEADER = YES;
				CLANG_WARN_RANGE_LOOP_ANALYSIS = YES;
				CLANG_WARN_STRICT_PROTOTYPES = YES;
				CLANG_WARN_SUSPICIOUS_MOVE = YES;
				CLANG_WARN_UNGUARDED_AVAILABILITY = YES_AGGRESSIVE;
				CLANG_WARN_UNREACHABLE_CODE = YES;
				CLANG_WARN__DUPLICATE_METHOD_MATCH = YES;
				COPY_PHASE_STRIP = NO;
				DEBUG_INFORMATION_FORMAT = dwarf;
				ENABLE_STRICT_OBJC_MSGSEND = YES;
				ENABLE_TESTABILITY = YES;
				GCC_C_LANGUAGE_STANDARD = gnu11;
				GCC_DYNAMIC_NO_PIC = NO;
				GCC_NO_COMMON_BLOCKS = YES;
				GCC_OPTIMIZATION_LEVEL = 0;
				GCC_PREPROCESSOR_DEFINITIONS = (
					"DEBUG=1",
					"$(inherited)",
				);
				GCC_WARN_64_TO_32_BIT_CONVERSION = YES;
				GCC_WARN_ABOUT_RETURN_TYPE = YES_ERROR;
				GCC_WARN_UNDECLARED_SELECTOR = YES;
				GCC_WARN_UNINITIALIZED_AUTOS = YES_AGGRESSIVE;
				GCC_WARN_UNUSED_FUNCTION = YES;
				GCC_WARN_UNUSED_VARIABLE = YES;
				IPHONEOS_DEPLOYMENT_TARGET = 16.2;
				MTL_ENABLE_DEBUG_INFO = INCLUDE_SOURCE;
				MTL_FAST_MATH = YES;
				ONLY_ACTIVE_ARCH = YES;
				SDKROOT = iphoneos;
				SWIFT_ACTIVE_COMPILATION_CONDITIONS = DEBUG;
				SWIFT_OPTIMIZATION_LEVEL = "-Onone";
			};
			name = Debug;
		};
		AD4CAC5F2965E95E00653E35 /* Release */ = {
			isa = XCBuildConfiguration;
			buildSettings = {
				ALWAYS_SEARCH_USER_PATHS = NO;
				CLANG_ANALYZER_NONNULL = YES;
				CLANG_ANALYZER_NUMBER_OBJECT_CONVERSION = YES_AGGRESSIVE;
				CLANG_CXX_LANGUAGE_STANDARD = "gnu++20";
				CLANG_ENABLE_MODULES = YES;
				CLANG_ENABLE_OBJC_ARC = YES;
				CLANG_ENABLE_OBJC_WEAK = YES;
				CLANG_WARN_BLOCK_CAPTURE_AUTORELEASING = YES;
				CLANG_WARN_BOOL_CONVERSION = YES;
				CLANG_WARN_COMMA = YES;
				CLANG_WARN_CONSTANT_CONVERSION = YES;
				CLANG_WARN_DEPRECATED_OBJC_IMPLEMENTATIONS = YES;
				CLANG_WARN_DIRECT_OBJC_ISA_USAGE = YES_ERROR;
				CLANG_WARN_DOCUMENTATION_COMMENTS = YES;
				CLANG_WARN_EMPTY_BODY = YES;
				CLANG_WARN_ENUM_CONVERSION = YES;
				CLANG_WARN_INFINITE_RECURSION = YES;
				CLANG_WARN_INT_CONVERSION = YES;
				CLANG_WARN_NON_LITERAL_NULL_CONVERSION = YES;
				CLANG_WARN_OBJC_IMPLICIT_RETAIN_SELF = YES;
				CLANG_WARN_OBJC_LITERAL_CONVERSION = YES;
				CLANG_WARN_OBJC_ROOT_CLASS = YES_ERROR;
				CLANG_WARN_QUOTED_INCLUDE_IN_FRAMEWORK_HEADER = YES;
				CLANG_WARN_RANGE_LOOP_ANALYSIS = YES;
				CLANG_WARN_STRICT_PROTOTYPES = YES;
				CLANG_WARN_SUSPICIOUS_MOVE = YES;
				CLANG_WARN_UNGUARDED_AVAILABILITY = YES_AGGRESSIVE;
				CLANG_WARN_UNREACHABLE_CODE = YES;
				CLANG_WARN__DUPLICATE_METHOD_MATCH = YES;
				COPY_PHASE_STRIP = NO;
				DEBUG_INFORMATION_FORMAT = "dwarf-with-dsym";
				ENABLE_NS_ASSERTIONS = NO;
				ENABLE_STRICT_OBJC_MSGSEND = YES;
				GCC_C_LANGUAGE_STANDARD = gnu11;
				GCC_NO_COMMON_BLOCKS = YES;
				GCC_WARN_64_TO_32_BIT_CONVERSION = YES;
				GCC_WARN_ABOUT_RETURN_TYPE = YES_ERROR;
				GCC_WARN_UNDECLARED_SELECTOR = YES;
				GCC_WARN_UNINITIALIZED_AUTOS = YES_AGGRESSIVE;
				GCC_WARN_UNUSED_FUNCTION = YES;
				GCC_WARN_UNUSED_VARIABLE = YES;
				IPHONEOS_DEPLOYMENT_TARGET = 16.2;
				MTL_ENABLE_DEBUG_INFO = NO;
				MTL_FAST_MATH = YES;
				SDKROOT = iphoneos;
				SWIFT_COMPILATION_MODE = wholemodule;
				SWIFT_OPTIMIZATION_LEVEL = "-O";
				VALIDATE_PRODUCT = YES;
			};
			name = Release;
		};
		AD4CAC612965E95E00653E35 /* Debug */ = {
			isa = XCBuildConfiguration;
			buildSettings = {
				ASSETCATALOG_COMPILER_APPICON_NAME = AppIcon;
				ASSETCATALOG_COMPILER_GLOBAL_ACCENT_COLOR_NAME = AccentColor;
				CODE_SIGN_STYLE = Automatic;
				CURRENT_PROJECT_VERSION = 1;
				GENERATE_INFOPLIST_FILE = YES;
				INFOPLIST_FILE = SwipeGesture/Info.plist;
				INFOPLIST_KEY_UIApplicationSupportsIndirectInputEvents = YES;
				INFOPLIST_KEY_UILaunchStoryboardName = LaunchScreen;
				INFOPLIST_KEY_UIMainStoryboardFile = Main;
				INFOPLIST_KEY_UISupportedInterfaceOrientations = UIInterfaceOrientationPortrait;
				LD_RUNPATH_SEARCH_PATHS = (
					"$(inherited)",
					"@executable_path/Frameworks",
				);
				MARKETING_VERSION = 1.0;
				PRODUCT_BUNDLE_IDENTIFIER = doomsday.SwipeGesture;
				PRODUCT_NAME = "$(TARGET_NAME)";
				SWIFT_EMIT_LOC_STRINGS = YES;
				SWIFT_VERSION = 5.0;
				TARGETED_DEVICE_FAMILY = "1,2";
			};
			name = Debug;
		};
		AD4CAC622965E95E00653E35 /* Release */ = {
			isa = XCBuildConfiguration;
			buildSettings = {
				ASSETCATALOG_COMPILER_APPICON_NAME = AppIcon;
				ASSETCATALOG_COMPILER_GLOBAL_ACCENT_COLOR_NAME = AccentColor;
				CODE_SIGN_STYLE = Automatic;
				CURRENT_PROJECT_VERSION = 1;
				GENERATE_INFOPLIST_FILE = YES;
				INFOPLIST_FILE = SwipeGesture/Info.plist;
				INFOPLIST_KEY_UIApplicationSupportsIndirectInputEvents = YES;
				INFOPLIST_KEY_UILaunchStoryboardName = LaunchScreen;
				INFOPLIST_KEY_UIMainStoryboardFile = Main;
				INFOPLIST_KEY_UISupportedInterfaceOrientations = UIInterfaceOrientationPortrait;
				LD_RUNPATH_SEARCH_PATHS = (
					"$(inherited)",
					"@executable_path/Frameworks",
				);
				MARKETING_VERSION = 1.0;
				PRODUCT_BUNDLE_IDENTIFIER = doomsday.SwipeGesture;
				PRODUCT_NAME = "$(TARGET_NAME)";
				SWIFT_EMIT_LOC_STRINGS = YES;
				SWIFT_VERSION = 5.0;
				TARGETED_DEVICE_FAMILY = "1,2";
			};
			name = Release;
		};
/* End XCBuildConfiguration section */

/* Begin XCConfigurationList section */
		AD4CAC472965E95E00653E35 /* Build configuration list for PBXProject "SwipeGesture" */ = {
			isa = XCConfigurationList;
			buildConfigurations = (
				AD4CAC5E2965E95E00653E35 /* Debug */,
				AD4CAC5F2965E95E00653E35 /* Release */,
			);
			defaultConfigurationIsVisible = 0;
			defaultConfigurationName = Release;
		};
		AD4CAC602965E95E00653E35 /* Build configuration list for PBXNativeTarget "SwipeGesture" */ = {
			isa = XCConfigurationList;
			buildConfigurations = (
				AD4CAC612965E95E00653E35 /* Debug */,
				AD4CAC622965E95E00653E35 /* Release */,
			);
			defaultConfigurationIsVisible = 0;
			defaultConfigurationName = Release;
		};
/* End XCConfigurationList section */
	};
	rootObject = AD4CAC442965E95E00653E35 /* Project object */;
}
